
Microsoft Visual Studio Solution File, Format Version 12.00
# Visual Studio Version 17
VisualStudioVersion = 17.8.34330.188
MinimumVisualStudioVersion = 10.0.40219.1
Project("{2150E333-8FDC-42A3-9474-1A3956D46DE8}") = "Users", "Users", "{73B0175D-D1AB-401A-BC17-7EED4FE0503E}"
EndProject
Project("{2150E333-8FDC-42A3-9474-1A3956D46DE8}") = "Glab", "Glab", "{CF13F95D-BF88-4F27-887E-727D91FE43F0}"
EndProject
Project("{FAE04EC0-301F-11D3-BF4B-00C04F79EFBC}") = "Users.Domains", "Domains\Users.Domains.csproj", "{AFFFE082-306F-440E-AC02-EA7A239E00AE}"
EndProject
Project("{FAE04EC0-301F-11D3-BF4B-00C04F79EFBC}") = "Glab.Domains", "Glab.Domain\Glab.Domains.csproj", "{09D2BDB5-6F20-422E-979E-1F278381E8FA}"
EndProject
Project("{FAE04EC0-301F-11D3-BF4B-00C04F79EFBC}") = "Glab.Infrastructures", "Glab.Infrastructures\Glab.Infrastructures.csproj", "{3A6F257A-3153-4E02-9822-6D3062026614}"
EndProject
Project("{FAE04EC0-301F-11D3-BF4B-00C04F79EFBC}") = "Users.Infrastructures", "Users.Infrastructures\Users.Infrastructures.csproj", "{407BBAB1-9A27-4C1B-AB7B-5E926B39ADD5}"
EndProject
Project("{FAE04EC0-301F-11D3-BF4B-00C04F79EFBC}") = "GLab.Ui", "GLab.Ui\GLab.Ui.csproj", "{B4C6E7E1-8B8B-4000-906C-488BC250F597}"
EndProject
Project("{FAE04EC0-301F-11D3-BF4B-00C04F79EFBC}") = "Users.Ui", "Users.Ui\Users.Ui.csproj", "{8B24B015-FE0B-43FD-9621-138AA93D9139}"
EndProject
Project("{FAE04EC0-301F-11D3-BF4B-00C04F79EFBC}") = "Glab.App", "Glab.App\Glab.App.csproj", "{204185EF-7288-4537-AEE4-162B0166706F}"
EndProject
Project("{FAE04EC0-301F-11D3-BF4B-00C04F79EFBC}") = "Users.App", "Users.App\Users.App.csproj", "{8778632B-A5E9-4DAC-B429-BE32392F9C38}"
EndProject
Project("{FAE04EC0-301F-11D3-BF4B-00C04F79EFBC}") = "Glab.Implementation", "Glab.Implementation\Glab.Implementation.csproj", "{2C089EF7-12B9-454F-B111-5FD98218B6E7}"
EndProject
Project("{FAE04EC0-301F-11D3-BF4B-00C04F79EFBC}") = "Users.Implementation", "Users.Implementation\Users.Implementation.csproj", "{07CDBB3A-1E0D-446D-866A-9732F5F5336C}"
EndProject
Project("{FAE04EC0-301F-11D3-BF4B-00C04F79EFBC}") = "GLAB.Web", "GLAB.Web\GLAB.Web.csproj", "{38EB4017-24C0-4017-95BA-9F7B496BD844}"
EndProject
Global
	GlobalSection(SolutionConfigurationPlatforms) = preSolution
		Debug|Any CPU = Debug|Any CPU
		Release|Any CPU = Release|Any CPU
	EndGlobalSection
	GlobalSection(ProjectConfigurationPlatforms) = postSolution
		{AFFFE082-306F-440E-AC02-EA7A239E00AE}.Debug|Any CPU.ActiveCfg = Debug|Any CPU
		{AFFFE082-306F-440E-AC02-EA7A239E00AE}.Debug|Any CPU.Build.0 = Debug|Any CPU
		{AFFFE082-306F-440E-AC02-EA7A239E00AE}.Release|Any CPU.ActiveCfg = Release|Any CPU
		{AFFFE082-306F-440E-AC02-EA7A239E00AE}.Release|Any CPU.Build.0 = Release|Any CPU
		{09D2BDB5-6F20-422E-979E-1F278381E8FA}.Debug|Any CPU.ActiveCfg = Debug|Any CPU
		{09D2BDB5-6F20-422E-979E-1F278381E8FA}.Debug|Any CPU.Build.0 = Debug|Any CPU
		{09D2BDB5-6F20-422E-979E-1F278381E8FA}.Release|Any CPU.ActiveCfg = Release|Any CPU
		{09D2BDB5-6F20-422E-979E-1F278381E8FA}.Release|Any CPU.Build.0 = Release|Any CPU
		{3A6F257A-3153-4E02-9822-6D3062026614}.Debug|Any CPU.ActiveCfg = Debug|Any CPU
		{3A6F257A-3153-4E02-9822-6D3062026614}.Debug|Any CPU.Build.0 = Debug|Any CPU
		{3A6F257A-3153-4E02-9822-6D3062026614}.Release|Any CPU.ActiveCfg = Release|Any CPU
		{3A6F257A-3153-4E02-9822-6D3062026614}.Release|Any CPU.Build.0 = Release|Any CPU
		{407BBAB1-9A27-4C1B-AB7B-5E926B39ADD5}.Debug|Any CPU.ActiveCfg = Debug|Any CPU
		{407BBAB1-9A27-4C1B-AB7B-5E926B39ADD5}.Debug|Any CPU.Build.0 = Debug|Any CPU
		{407BBAB1-9A27-4C1B-AB7B-5E926B39ADD5}.Release|Any CPU.ActiveCfg = Release|Any CPU
		{407BBAB1-9A27-4C1B-AB7B-5E926B39ADD5}.Release|Any CPU.Build.0 = Release|Any CPU
		{B4C6E7E1-8B8B-4000-906C-488BC250F597}.Debug|Any CPU.ActiveCfg = Debug|Any CPU
		{B4C6E7E1-8B8B-4000-906C-488BC250F597}.Debug|Any CPU.Build.0 = Debug|Any CPU
		{B4C6E7E1-8B8B-4000-906C-488BC250F597}.Release|Any CPU.ActiveCfg = Release|Any CPU
		{B4C6E7E1-8B8B-4000-906C-488BC250F597}.Release|Any CPU.Build.0 = Release|Any CPU
		{8B24B015-FE0B-43FD-9621-138AA93D9139}.Debug|Any CPU.ActiveCfg = Debug|Any CPU
		{8B24B015-FE0B-43FD-9621-138AA93D9139}.Debug|Any CPU.Build.0 = Debug|Any CPU
		{8B24B015-FE0B-43FD-9621-138AA93D9139}.Release|Any CPU.ActiveCfg = Release|Any CPU
		{8B24B015-FE0B-43FD-9621-138AA93D9139}.Release|Any CPU.Build.0 = Release|Any CPU
		{204185EF-7288-4537-AEE4-162B0166706F}.Debug|Any CPU.ActiveCfg = Debug|Any CPU
		{204185EF-7288-4537-AEE4-162B0166706F}.Debug|Any CPU.Build.0 = Debug|Any CPU
		{204185EF-7288-4537-AEE4-162B0166706F}.Release|Any CPU.ActiveCfg = Release|Any CPU
		{204185EF-7288-4537-AEE4-162B0166706F}.Release|Any CPU.Build.0 = Release|Any CPU
		{8778632B-A5E9-4DAC-B429-BE32392F9C38}.Debug|Any CPU.ActiveCfg = Debug|Any CPU
		{8778632B-A5E9-4DAC-B429-BE32392F9C38}.Debug|Any CPU.Build.0 = Debug|Any CPU
		{8778632B-A5E9-4DAC-B429-BE32392F9C38}.Release|Any CPU.ActiveCfg = Release|Any CPU
		{8778632B-A5E9-4DAC-B429-BE32392F9C38}.Release|Any CPU.Build.0 = Release|Any CPU
		{2C089EF7-12B9-454F-B111-5FD98218B6E7}.Debug|Any CPU.ActiveCfg = Debug|Any CPU
		{2C089EF7-12B9-454F-B111-5FD98218B6E7}.Debug|Any CPU.Build.0 = Debug|Any CPU
		{2C089EF7-12B9-454F-B111-5FD98218B6E7}.Release|Any CPU.ActiveCfg = Release|Any CPU
		{2C089EF7-12B9-454F-B111-5FD98218B6E7}.Release|Any CPU.Build.0 = Release|Any CPU
		{07CDBB3A-1E0D-446D-866A-9732F5F5336C}.Debug|Any CPU.ActiveCfg = Debug|Any CPU
		{07CDBB3A-1E0D-446D-866A-9732F5F5336C}.Debug|Any CPU.Build.0 = Debug|Any CPU
		{07CDBB3A-1E0D-446D-866A-9732F5F5336C}.Release|Any CPU.ActiveCfg = Release|Any CPU
		{07CDBB3A-1E0D-446D-866A-9732F5F5336C}.Release|Any CPU.Build.0 = Release|Any CPU
		{38EB4017-24C0-4017-95BA-9F7B496BD844}.Debug|Any CPU.ActiveCfg = Debug|Any CPU
		{38EB4017-24C0-4017-95BA-9F7B496BD844}.Debug|Any CPU.Build.0 = Debug|Any CPU
		{38EB4017-24C0-4017-95BA-9F7B496BD844}.Release|Any CPU.ActiveCfg = Release|Any CPU
		{38EB4017-24C0-4017-95BA-9F7B496BD844}.Release|Any CPU.Build.0 = Release|Any CPU
	EndGlobalSection
	GlobalSection(SolutionProperties) = preSolution
		HideSolutionNode = FALSE
	EndGlobalSection
	GlobalSection(NestedProjects) = preSolution
		{AFFFE082-306F-440E-AC02-EA7A239E00AE} = {73B0175D-D1AB-401A-BC17-7EED4FE0503E}
		{09D2BDB5-6F20-422E-979E-1F278381E8FA} = {CF13F95D-BF88-4F27-887E-727D91FE43F0}
		{3A6F257A-3153-4E02-9822-6D3062026614} = {CF13F95D-BF88-4F27-887E-727D91FE43F0}
		{407BBAB1-9A27-4C1B-AB7B-5E926B39ADD5} = {73B0175D-D1AB-401A-BC17-7EED4FE0503E}
		{B4C6E7E1-8B8B-4000-906C-488BC250F597} = {CF13F95D-BF88-4F27-887E-727D91FE43F0}
		{8B24B015-FE0B-43FD-9621-138AA93D9139} = {73B0175D-D1AB-401A-BC17-7EED4FE0503E}
		{204185EF-7288-4537-AEE4-162B0166706F} = {CF13F95D-BF88-4F27-887E-727D91FE43F0}
		{8778632B-A5E9-4DAC-B429-BE32392F9C38} = {73B0175D-D1AB-401A-BC17-7EED4FE0503E}
		{2C089EF7-12B9-454F-B111-5FD98218B6E7} = {CF13F95D-BF88-4F27-887E-727D91FE43F0}
		{07CDBB3A-1E0D-446D-866A-9732F5F5336C} = {73B0175D-D1AB-401A-BC17-7EED4FE0503E}
	EndGlobalSection
	GlobalSection(ExtensibilityGlobals) = postSolution
		SolutionGuid = {87CC59BE-95F7-49B9-BF44-EA51A96FD314}
	EndGlobalSection
EndGlobal
